
Microsoft Visual Studio Solution File, Format Version 12.00
# Visual Studio Version 16
VisualStudioVersion = 16.0.32407.337
MinimumVisualStudioVersion = 10.0.40219.1
Project("{8BC9CEB8-8B4A-11D0-8D11-00A0C91BC942}") = "esb_demo", "esb_demo.vcxproj", "{F4504887-A8AB-48BA-AB37-1B7761E80AD3}"
EndProject
Global
	GlobalSection(SolutionConfigurationPlatforms) = preSolution
		v8300Debug|x64 = v8300Debug|x64
		v8300Debug|x86 = v8300Debug|x86
		v8300Release|x64 = v8300Release|x64
		v8300Release|x86 = v8300Release|x86
		v8311Debug|x64 = v8311Debug|x64
		v8311Debug|x86 = v8311Debug|x86
		v8311Release|x64 = v8311Release|x64
		v8311Release|x86 = v8311Release|x86
		v8320Debug|x64 = v8320Debug|x64
		v8320Debug|x86 = v8320Debug|x86
		v8320Release|x64 = v8320Release|x64
		v8320Release|x86 = v8320Release|x86
		v8323Debug|x64 = v8323Debug|x64
		v8323Debug|x86 = v8323Debug|x86
		v8323Release|x64 = v8323Release|x64
		v8323Release|x86 = v8323Release|x86
	EndGlobalSection
	GlobalSection(ProjectConfigurationPlatforms) = postSolution
		{F4504887-A8AB-48BA-AB37-1B7761E80AD3}.v8300Debug|x64.ActiveCfg = v8300Debug|x64
		{F4504887-A8AB-48BA-AB37-1B7761E80AD3}.v8300Debug|x64.Build.0 = v8300Debug|x64
		{F4504887-A8AB-48BA-AB37-1B7761E80AD3}.v8300Debug|x86.ActiveCfg = v8300Debug|Win32
		{F4504887-A8AB-48BA-AB37-1B7761E80AD3}.v8300Debug|x86.Build.0 = v8300Debug|Win32
		{F4504887-A8AB-48BA-AB37-1B7761E80AD3}.v8300Release|x64.ActiveCfg = v8300Release|x64
		{F4504887-A8AB-48BA-AB37-1B7761E80AD3}.v8300Release|x64.Build.0 = v8300Release|x64
		{F4504887-A8AB-48BA-AB37-1B7761E80AD3}.v8300Release|x86.ActiveCfg = v8300Release|Win32
		{F4504887-A8AB-48BA-AB37-1B7761E80AD3}.v8300Release|x86.Build.0 = v8300Release|Win32
		{F4504887-A8AB-48BA-AB37-1B7761E80AD3}.v8311Debug|x64.ActiveCfg = v8311Debug|x64
		{F4504887-A8AB-48BA-AB37-1B7761E80AD3}.v8311Debug|x64.Build.0 = v8311Debug|x64
		{F4504887-A8AB-48BA-AB37-1B7761E80AD3}.v8311Debug|x86.ActiveCfg = v8311Debug|Win32
		{F4504887-A8AB-48BA-AB37-1B7761E80AD3}.v8311Debug|x86.Build.0 = v8311Debug|Win32
		{F4504887-A8AB-48BA-AB37-1B7761E80AD3}.v8311Release|x64.ActiveCfg = v8311Release|x64
		{F4504887-A8AB-48BA-AB37-1B7761E80AD3}.v8311Release|x64.Build.0 = v8311Release|x64
		{F4504887-A8AB-48BA-AB37-1B7761E80AD3}.v8311Release|x86.ActiveCfg = v8311Release|Win32
		{F4504887-A8AB-48BA-AB37-1B7761E80AD3}.v8311Release|x86.Build.0 = v8311Release|Win32
		{F4504887-A8AB-48BA-AB37-1B7761E80AD3}.v8320Debug|x64.ActiveCfg = v8320Debug|x64
		{F4504887-A8AB-48BA-AB37-1B7761E80AD3}.v8320Debug|x64.Build.0 = v8320Debug|x64
		{F4504887-A8AB-48BA-AB37-1B7761E80AD3}.v8320Debug|x86.ActiveCfg = v8320Debug|Win32
		{F4504887-A8AB-48BA-AB37-1B7761E80AD3}.v8320Debug|x86.Build.0 = v8320Debug|Win32
		{F4504887-A8AB-48BA-AB37-1B7761E80AD3}.v8320Release|x64.ActiveCfg = v8320Release|x64
		{F4504887-A8AB-48BA-AB37-1B7761E80AD3}.v8320Release|x64.Build.0 = v8320Release|x64
		{F4504887-A8AB-48BA-AB37-1B7761E80AD3}.v8320Release|x86.ActiveCfg = v8320Release|Win32
		{F4504887-A8AB-48BA-AB37-1B7761E80AD3}.v8320Release|x86.Build.0 = v8320Release|Win32
		{F4504887-A8AB-48BA-AB37-1B7761E80AD3}.v8323Debug|x64.ActiveCfg = v8323Debug|x64
		{F4504887-A8AB-48BA-AB37-1B7761E80AD3}.v8323Debug|x64.Build.0 = v8323Debug|x64
		{F4504887-A8AB-48BA-AB37-1B7761E80AD3}.v8323Debug|x86.ActiveCfg = v8323Debug|Win32
		{F4504887-A8AB-48BA-AB37-1B7761E80AD3}.v8323Debug|x86.Build.0 = v8323Debug|Win32
		{F4504887-A8AB-48BA-AB37-1B7761E80AD3}.v8323Release|x64.ActiveCfg = v8323Release|x64
		{F4504887-A8AB-48BA-AB37-1B7761E80AD3}.v8323Release|x64.Build.0 = v8323Release|x64
		{F4504887-A8AB-48BA-AB37-1B7761E80AD3}.v8323Release|x86.ActiveCfg = v8323Release|Win32
		{F4504887-A8AB-48BA-AB37-1B7761E80AD3}.v8323Release|x86.Build.0 = v8323Release|Win32
	EndGlobalSection
	GlobalSection(SolutionProperties) = preSolution
		HideSolutionNode = FALSE
	EndGlobalSection
	GlobalSection(ExtensibilityGlobals) = postSolution
		SolutionGuid = {F133B475-76F0-4C52-B800-35E66FDC167E}
	EndGlobalSection
EndGlobal
